
Microsoft Visual Studio Solution File, Format Version 12.00
# Visual Studio Version 17
VisualStudioVersion = 17.5.002.0
MinimumVisualStudioVersion = 10.0.40219.1
Project("{2150E333-8FDC-42A3-9474-1A3956D46DE8}") = "csharp-prep", "csharp-prep", "{91A7D2D4-F832-4153-8C86-3FE63E7DCFA1}"
EndProject
Project("{9A19103F-16F7-4668-BE54-9A1E7A4F7556}") = "Prep1", "csharp-prep\Prep1\Prep1.csproj", "{2CE55AB0-B1CB-4F22-9102-7CFB3C2A1E0D}"
EndProject
Project("{9A19103F-16F7-4668-BE54-9A1E7A4F7556}") = "Prep2", "csharp-prep\Prep2\Prep2.csproj", "{EDF4D116-4C41-46B2-A320-B16E8C34BB25}"
EndProject
Project("{9A19103F-16F7-4668-BE54-9A1E7A4F7556}") = "Prep3", "csharp-prep\Prep3\Prep3.csproj", "{155A46E6-8DDC-43D7-A019-343A5A8D0560}"
EndProject
Project("{9A19103F-16F7-4668-BE54-9A1E7A4F7556}") = "Prep4", "csharp-prep\Prep4\Prep4.csproj", "{EFFA4526-9477-4CD4-B215-20C1F851244C}"
EndProject
Project("{9A19103F-16F7-4668-BE54-9A1E7A4F7556}") = "Prep5", "csharp-prep\Prep5\Prep5.csproj", "{CBBC5D8B-6AF3-4F09-80AE-397AA8CC61EC}"
EndProject
Project("{2150E333-8FDC-42A3-9474-1A3956D46DE8}") = "final", "final", "{D1732FF5-6A4A-4511-89B4-349830F54F3B}"
EndProject
Project("{9A19103F-16F7-4668-BE54-9A1E7A4F7556}") = "FinalProject", "final\FinalProject\FinalProject.csproj", "{2A79C385-7FB3-4C06-B9C1-AF06E36FC222}"
EndProject
Project("{9A19103F-16F7-4668-BE54-9A1E7A4F7556}") = "Foundation1", "final\Foundation1\Foundation1.csproj", "{7A92E9E3-9C34-4456-BB0C-201F8DBA55D4}"
EndProject
Project("{9A19103F-16F7-4668-BE54-9A1E7A4F7556}") = "Foundation2", "final\Foundation2\Foundation2.csproj", "{1B2DFC9E-B826-459C-B41D-2EE453D53362}"
EndProject
Project("{9A19103F-16F7-4668-BE54-9A1E7A4F7556}") = "Foundation3", "final\Foundation3\Foundation3.csproj", "{3B535478-36DF-4060-BF5A-8143C784CAC6}"
EndProject
Project("{9A19103F-16F7-4668-BE54-9A1E7A4F7556}") = "Foundation4", "final\Foundation4\Foundation4.csproj", "{AAF3299D-DA91-4750-A2A4-09C57AAA2C97}"
EndProject
Project("{2150E333-8FDC-42A3-9474-1A3956D46DE8}") = "prepare", "prepare", "{D9AE6BC9-CE95-473B-9F34-9CA7BDD96E23}"
EndProject
Project("{9A19103F-16F7-4668-BE54-9A1E7A4F7556}") = "Learning02", "prepare\Learning02\Learning02.csproj", "{8BA0DE3D-474E-4EA2-B2D5-B46366DDC91A}"
EndProject
Project("{9A19103F-16F7-4668-BE54-9A1E7A4F7556}") = "Learning03", "prepare\Learning03\Learning03.csproj", "{10CBF3A2-5122-485A-9592-17299E0D702C}"
EndProject
Project("{9A19103F-16F7-4668-BE54-9A1E7A4F7556}") = "Learning04", "prepare\Learning04\Learning04.csproj", "{04576749-AE13-42BB-ACCD-B34959E86FC6}"
EndProject
Project("{9A19103F-16F7-4668-BE54-9A1E7A4F7556}") = "Learning05", "prepare\Learning05\Learning05.csproj", "{CB402AFF-4A2E-423D-B5E2-7BFB94DCFF11}"
EndProject
Project("{2150E333-8FDC-42A3-9474-1A3956D46DE8}") = "prove", "prove", "{4126E435-5FA6-4817-A179-3DD0A8983806}"
EndProject
Project("{9A19103F-16F7-4668-BE54-9A1E7A4F7556}") = "Develop02", "prove\Develop02\Develop02.csproj", "{98CFCCE1-2419-4867-9A99-242A614E1698}"
EndProject
Project("{9A19103F-16F7-4668-BE54-9A1E7A4F7556}") = "Develop03", "prove\Develop03\Develop03.csproj", "{D99B8253-DBB2-42B5-BC36-E9B1FCD4AF03}"
EndProject
Project("{9A19103F-16F7-4668-BE54-9A1E7A4F7556}") = "Develop04", "prove\Develop04\Develop04.csproj", "{A71936AB-998F-493C-8B9B-F8E0D4D0AFE8}"
EndProject
Project("{9A19103F-16F7-4668-BE54-9A1E7A4F7556}") = "Develop05", "prove\Develop05\Develop05.csproj", "{0A181A4E-A8AB-46E8-B8CC-BE9FD406682F}"
EndProject
Project("{2150E333-8FDC-42A3-9474-1A3956D46DE8}") = "sandbox", "sandbox", "{5B784724-A67D-4872-837E-1881B70FEA16}"
EndProject
Project("{9A19103F-16F7-4668-BE54-9A1E7A4F7556}") = "Sandbox", "sandbox\Sandbox\Sandbox.csproj", "{082ADBE0-EE54-463E-BF0F-D43AF9F4399D}"
EndProject
Global
	GlobalSection(SolutionConfigurationPlatforms) = preSolution
		Debug|Any CPU = Debug|Any CPU
		Release|Any CPU = Release|Any CPU
	EndGlobalSection
	GlobalSection(ProjectConfigurationPlatforms) = postSolution
		{2CE55AB0-B1CB-4F22-9102-7CFB3C2A1E0D}.Debug|Any CPU.ActiveCfg = Debug|Any CPU
		{2CE55AB0-B1CB-4F22-9102-7CFB3C2A1E0D}.Debug|Any CPU.Build.0 = Debug|Any CPU
		{2CE55AB0-B1CB-4F22-9102-7CFB3C2A1E0D}.Release|Any CPU.ActiveCfg = Release|Any CPU
		{2CE55AB0-B1CB-4F22-9102-7CFB3C2A1E0D}.Release|Any CPU.Build.0 = Release|Any CPU
		{EDF4D116-4C41-46B2-A320-B16E8C34BB25}.Debug|Any CPU.ActiveCfg = Debug|Any CPU
		{EDF4D116-4C41-46B2-A320-B16E8C34BB25}.Debug|Any CPU.Build.0 = Debug|Any CPU
		{EDF4D116-4C41-46B2-A320-B16E8C34BB25}.Release|Any CPU.ActiveCfg = Release|Any CPU
		{EDF4D116-4C41-46B2-A320-B16E8C34BB25}.Release|Any CPU.Build.0 = Release|Any CPU
		{155A46E6-8DDC-43D7-A019-343A5A8D0560}.Debug|Any CPU.ActiveCfg = Debug|Any CPU
		{155A46E6-8DDC-43D7-A019-343A5A8D0560}.Debug|Any CPU.Build.0 = Debug|Any CPU
		{155A46E6-8DDC-43D7-A019-343A5A8D0560}.Release|Any CPU.ActiveCfg = Release|Any CPU
		{155A46E6-8DDC-43D7-A019-343A5A8D0560}.Release|Any CPU.Build.0 = Release|Any CPU
		{EFFA4526-9477-4CD4-B215-20C1F851244C}.Debug|Any CPU.ActiveCfg = Debug|Any CPU
		{EFFA4526-9477-4CD4-B215-20C1F851244C}.Debug|Any CPU.Build.0 = Debug|Any CPU
		{EFFA4526-9477-4CD4-B215-20C1F851244C}.Release|Any CPU.ActiveCfg = Release|Any CPU
		{EFFA4526-9477-4CD4-B215-20C1F851244C}.Release|Any CPU.Build.0 = Release|Any CPU
		{CBBC5D8B-6AF3-4F09-80AE-397AA8CC61EC}.Debug|Any CPU.ActiveCfg = Debug|Any CPU
		{CBBC5D8B-6AF3-4F09-80AE-397AA8CC61EC}.Debug|Any CPU.Build.0 = Debug|Any CPU
		{CBBC5D8B-6AF3-4F09-80AE-397AA8CC61EC}.Release|Any CPU.ActiveCfg = Release|Any CPU
		{CBBC5D8B-6AF3-4F09-80AE-397AA8CC61EC}.Release|Any CPU.Build.0 = Release|Any CPU
		{2A79C385-7FB3-4C06-B9C1-AF06E36FC222}.Debug|Any CPU.ActiveCfg = Debug|Any CPU
		{2A79C385-7FB3-4C06-B9C1-AF06E36FC222}.Debug|Any CPU.Build.0 = Debug|Any CPU
		{2A79C385-7FB3-4C06-B9C1-AF06E36FC222}.Release|Any CPU.ActiveCfg = Release|Any CPU
		{2A79C385-7FB3-4C06-B9C1-AF06E36FC222}.Release|Any CPU.Build.0 = Release|Any CPU
		{7A92E9E3-9C34-4456-BB0C-201F8DBA55D4}.Debug|Any CPU.ActiveCfg = Debug|Any CPU
		{7A92E9E3-9C34-4456-BB0C-201F8DBA55D4}.Debug|Any CPU.Build.0 = Debug|Any CPU
		{7A92E9E3-9C34-4456-BB0C-201F8DBA55D4}.Release|Any CPU.ActiveCfg = Release|Any CPU
		{7A92E9E3-9C34-4456-BB0C-201F8DBA55D4}.Release|Any CPU.Build.0 = Release|Any CPU
		{1B2DFC9E-B826-459C-B41D-2EE453D53362}.Debug|Any CPU.ActiveCfg = Debug|Any CPU
		{1B2DFC9E-B826-459C-B41D-2EE453D53362}.Debug|Any CPU.Build.0 = Debug|Any CPU
		{1B2DFC9E-B826-459C-B41D-2EE453D53362}.Release|Any CPU.ActiveCfg = Release|Any CPU
		{1B2DFC9E-B826-459C-B41D-2EE453D53362}.Release|Any CPU.Build.0 = Release|Any CPU
		{3B535478-36DF-4060-BF5A-8143C784CAC6}.Debug|Any CPU.ActiveCfg = Debug|Any CPU
		{3B535478-36DF-4060-BF5A-8143C784CAC6}.Debug|Any CPU.Build.0 = Debug|Any CPU
		{3B535478-36DF-4060-BF5A-8143C784CAC6}.Release|Any CPU.ActiveCfg = Release|Any CPU
		{3B535478-36DF-4060-BF5A-8143C784CAC6}.Release|Any CPU.Build.0 = Release|Any CPU
		{AAF3299D-DA91-4750-A2A4-09C57AAA2C97}.Debug|Any CPU.ActiveCfg = Debug|Any CPU
		{AAF3299D-DA91-4750-A2A4-09C57AAA2C97}.Debug|Any CPU.Build.0 = Debug|Any CPU
		{AAF3299D-DA91-4750-A2A4-09C57AAA2C97}.Release|Any CPU.ActiveCfg = Release|Any CPU
		{AAF3299D-DA91-4750-A2A4-09C57AAA2C97}.Release|Any CPU.Build.0 = Release|Any CPU
		{8BA0DE3D-474E-4EA2-B2D5-B46366DDC91A}.Debug|Any CPU.ActiveCfg = Debug|Any CPU
		{8BA0DE3D-474E-4EA2-B2D5-B46366DDC91A}.Debug|Any CPU.Build.0 = Debug|Any CPU
		{8BA0DE3D-474E-4EA2-B2D5-B46366DDC91A}.Release|Any CPU.ActiveCfg = Release|Any CPU
		{8BA0DE3D-474E-4EA2-B2D5-B46366DDC91A}.Release|Any CPU.Build.0 = Release|Any CPU
		{10CBF3A2-5122-485A-9592-17299E0D702C}.Debug|Any CPU.ActiveCfg = Debug|Any CPU
		{10CBF3A2-5122-485A-9592-17299E0D702C}.Debug|Any CPU.Build.0 = Debug|Any CPU
		{10CBF3A2-5122-485A-9592-17299E0D702C}.Release|Any CPU.ActiveCfg = Release|Any CPU
		{10CBF3A2-5122-485A-9592-17299E0D702C}.Release|Any CPU.Build.0 = Release|Any CPU
		{04576749-AE13-42BB-ACCD-B34959E86FC6}.Debug|Any CPU.ActiveCfg = Debug|Any CPU
		{04576749-AE13-42BB-ACCD-B34959E86FC6}.Debug|Any CPU.Build.0 = Debug|Any CPU
		{04576749-AE13-42BB-ACCD-B34959E86FC6}.Release|Any CPU.ActiveCfg = Release|Any CPU
		{04576749-AE13-42BB-ACCD-B34959E86FC6}.Release|Any CPU.Build.0 = Release|Any CPU
		{CB402AFF-4A2E-423D-B5E2-7BFB94DCFF11}.Debug|Any CPU.ActiveCfg = Debug|Any CPU
		{CB402AFF-4A2E-423D-B5E2-7BFB94DCFF11}.Debug|Any CPU.Build.0 = Debug|Any CPU
		{CB402AFF-4A2E-423D-B5E2-7BFB94DCFF11}.Release|Any CPU.ActiveCfg = Release|Any CPU
		{CB402AFF-4A2E-423D-B5E2-7BFB94DCFF11}.Release|Any CPU.Build.0 = Release|Any CPU
		{98CFCCE1-2419-4867-9A99-242A614E1698}.Debug|Any CPU.ActiveCfg = Debug|Any CPU
		{98CFCCE1-2419-4867-9A99-242A614E1698}.Debug|Any CPU.Build.0 = Debug|Any CPU
		{98CFCCE1-2419-4867-9A99-242A614E1698}.Release|Any CPU.ActiveCfg = Release|Any CPU
		{98CFCCE1-2419-4867-9A99-242A614E1698}.Release|Any CPU.Build.0 = Release|Any CPU
		{D99B8253-DBB2-42B5-BC36-E9B1FCD4AF03}.Debug|Any CPU.ActiveCfg = Debug|Any CPU
		{D99B8253-DBB2-42B5-BC36-E9B1FCD4AF03}.Debug|Any CPU.Build.0 = Debug|Any CPU
		{D99B8253-DBB2-42B5-BC36-E9B1FCD4AF03}.Release|Any CPU.ActiveCfg = Release|Any CPU
		{D99B8253-DBB2-42B5-BC36-E9B1FCD4AF03}.Release|Any CPU.Build.0 = Release|Any CPU
		{A71936AB-998F-493C-8B9B-F8E0D4D0AFE8}.Debug|Any CPU.ActiveCfg = Debug|Any CPU
		{A71936AB-998F-493C-8B9B-F8E0D4D0AFE8}.Debug|Any CPU.Build.0 = Debug|Any CPU
		{A71936AB-998F-493C-8B9B-F8E0D4D0AFE8}.Release|Any CPU.ActiveCfg = Release|Any CPU
		{A71936AB-998F-493C-8B9B-F8E0D4D0AFE8}.Release|Any CPU.Build.0 = Release|Any CPU
		{0A181A4E-A8AB-46E8-B8CC-BE9FD406682F}.Debug|Any CPU.ActiveCfg = Debug|Any CPU
		{0A181A4E-A8AB-46E8-B8CC-BE9FD406682F}.Debug|Any CPU.Build.0 = Debug|Any CPU
		{0A181A4E-A8AB-46E8-B8CC-BE9FD406682F}.Release|Any CPU.ActiveCfg = Release|Any CPU
		{0A181A4E-A8AB-46E8-B8CC-BE9FD406682F}.Release|Any CPU.Build.0 = Release|Any CPU
		{082ADBE0-EE54-463E-BF0F-D43AF9F4399D}.Debug|Any CPU.ActiveCfg = Debug|Any CPU
		{082ADBE0-EE54-463E-BF0F-D43AF9F4399D}.Debug|Any CPU.Build.0 = Debug|Any CPU
		{082ADBE0-EE54-463E-BF0F-D43AF9F4399D}.Release|Any CPU.ActiveCfg = Release|Any CPU
		{082ADBE0-EE54-463E-BF0F-D43AF9F4399D}.Release|Any CPU.Build.0 = Release|Any CPU
	EndGlobalSection
	GlobalSection(SolutionProperties) = preSolution
		HideSolutionNode = FALSE
	EndGlobalSection
	GlobalSection(NestedProjects) = preSolution
		{2CE55AB0-B1CB-4F22-9102-7CFB3C2A1E0D} = {91A7D2D4-F832-4153-8C86-3FE63E7DCFA1}
		{EDF4D116-4C41-46B2-A320-B16E8C34BB25} = {91A7D2D4-F832-4153-8C86-3FE63E7DCFA1}
		{155A46E6-8DDC-43D7-A019-343A5A8D0560} = {91A7D2D4-F832-4153-8C86-3FE63E7DCFA1}
		{EFFA4526-9477-4CD4-B215-20C1F851244C} = {91A7D2D4-F832-4153-8C86-3FE63E7DCFA1}
		{CBBC5D8B-6AF3-4F09-80AE-397AA8CC61EC} = {91A7D2D4-F832-4153-8C86-3FE63E7DCFA1}
		{2A79C385-7FB3-4C06-B9C1-AF06E36FC222} = {D1732FF5-6A4A-4511-89B4-349830F54F3B}
		{7A92E9E3-9C34-4456-BB0C-201F8DBA55D4} = {D1732FF5-6A4A-4511-89B4-349830F54F3B}
		{1B2DFC9E-B826-459C-B41D-2EE453D53362} = {D1732FF5-6A4A-4511-89B4-349830F54F3B}
		{3B535478-36DF-4060-BF5A-8143C784CAC6} = {D1732FF5-6A4A-4511-89B4-349830F54F3B}
		{AAF3299D-DA91-4750-A2A4-09C57AAA2C97} = {D1732FF5-6A4A-4511-89B4-349830F54F3B}
		{8BA0DE3D-474E-4EA2-B2D5-B46366DDC91A} = {D9AE6BC9-CE95-473B-9F34-9CA7BDD96E23}
		{10CBF3A2-5122-485A-9592-17299E0D702C} = {D9AE6BC9-CE95-473B-9F34-9CA7BDD96E23}
		{04576749-AE13-42BB-ACCD-B34959E86FC6} = {D9AE6BC9-CE95-473B-9F34-9CA7BDD96E23}
		{CB402AFF-4A2E-423D-B5E2-7BFB94DCFF11} = {D9AE6BC9-CE95-473B-9F34-9CA7BDD96E23}
		{98CFCCE1-2419-4867-9A99-242A614E1698} = {4126E435-5FA6-4817-A179-3DD0A8983806}
		{D99B8253-DBB2-42B5-BC36-E9B1FCD4AF03} = {4126E435-5FA6-4817-A179-3DD0A8983806}
		{A71936AB-998F-493C-8B9B-F8E0D4D0AFE8} = {4126E435-5FA6-4817-A179-3DD0A8983806}
		{0A181A4E-A8AB-46E8-B8CC-BE9FD406682F} = {4126E435-5FA6-4817-A179-3DD0A8983806}
		{082ADBE0-EE54-463E-BF0F-D43AF9F4399D} = {5B784724-A67D-4872-837E-1881B70FEA16}
	EndGlobalSection
	GlobalSection(ExtensibilityGlobals) = postSolution
		SolutionGuid = {06251B86-6A0C-4673-82B4-D98B1C418D85}
	EndGlobalSection
EndGlobal
